
Microsoft Visual Studio Solution File, Format Version 12.00
# Visual Studio 15
VisualStudioVersion = 15.0.28307.421
MinimumVisualStudioVersion = 10.0.40219.1
Project("{FAE04EC0-301F-11D3-BF4B-00C04F79EFBC}") = "Enrolment2", "Enrolment2\Enrolment2.csproj", "{2234D4E4-5364-4CB7-A51C-91033563F9C4}"
EndProject
Project("{FAE04EC0-301F-11D3-BF4B-00C04F79EFBC}") = "Enrolment3", "Enrolment3\Enrolment3.csproj", "{BA3A2463-78E0-476E-BC6A-0A38408A291B}"
EndProject
Project("{FAE04EC0-301F-11D3-BF4B-00C04F79EFBC}") = "Enrolment5", "Enrolment5\Enrolment5.csproj", "{9B9E85A1-8ED8-456A-891C-2F5FA5B310F5}"
EndProject
Project("{FAE04EC0-301F-11D3-BF4B-00C04F79EFBC}") = "Enrolment6", "Enrolment6\Enrolment6.csproj", "{629A9636-4BF8-47EB-B235-7A7EBE3BD319}"
EndProject
Project("{FAE04EC0-301F-11D3-BF4B-00C04F79EFBC}") = "Enrolment7", "Enrolment7\Enrolment7.csproj", "{532B5FAF-416D-4A12-81F4-E8520E51CEC6}"
EndProject
Global
	GlobalSection(SolutionConfigurationPlatforms) = preSolution
		Debug|Any CPU = Debug|Any CPU
		Release|Any CPU = Release|Any CPU
	EndGlobalSection
	GlobalSection(ProjectConfigurationPlatforms) = postSolution
		{2234D4E4-5364-4CB7-A51C-91033563F9C4}.Debug|Any CPU.ActiveCfg = Debug|Any CPU
		{2234D4E4-5364-4CB7-A51C-91033563F9C4}.Debug|Any CPU.Build.0 = Debug|Any CPU
		{2234D4E4-5364-4CB7-A51C-91033563F9C4}.Release|Any CPU.ActiveCfg = Release|Any CPU
		{2234D4E4-5364-4CB7-A51C-91033563F9C4}.Release|Any CPU.Build.0 = Release|Any CPU
		{BA3A2463-78E0-476E-BC6A-0A38408A291B}.Debug|Any CPU.ActiveCfg = Debug|Any CPU
		{BA3A2463-78E0-476E-BC6A-0A38408A291B}.Debug|Any CPU.Build.0 = Debug|Any CPU
		{BA3A2463-78E0-476E-BC6A-0A38408A291B}.Release|Any CPU.ActiveCfg = Release|Any CPU
		{BA3A2463-78E0-476E-BC6A-0A38408A291B}.Release|Any CPU.Build.0 = Release|Any CPU
		{9B9E85A1-8ED8-456A-891C-2F5FA5B310F5}.Debug|Any CPU.ActiveCfg = Debug|Any CPU
		{9B9E85A1-8ED8-456A-891C-2F5FA5B310F5}.Debug|Any CPU.Build.0 = Debug|Any CPU
		{9B9E85A1-8ED8-456A-891C-2F5FA5B310F5}.Release|Any CPU.ActiveCfg = Release|Any CPU
		{9B9E85A1-8ED8-456A-891C-2F5FA5B310F5}.Release|Any CPU.Build.0 = Release|Any CPU
		{629A9636-4BF8-47EB-B235-7A7EBE3BD319}.Debug|Any CPU.ActiveCfg = Debug|Any CPU
		{629A9636-4BF8-47EB-B235-7A7EBE3BD319}.Debug|Any CPU.Build.0 = Debug|Any CPU
		{629A9636-4BF8-47EB-B235-7A7EBE3BD319}.Release|Any CPU.ActiveCfg = Release|Any CPU
		{629A9636-4BF8-47EB-B235-7A7EBE3BD319}.Release|Any CPU.Build.0 = Release|Any CPU
		{532B5FAF-416D-4A12-81F4-E8520E51CEC6}.Debug|Any CPU.ActiveCfg = Debug|Any CPU
		{532B5FAF-416D-4A12-81F4-E8520E51CEC6}.Debug|Any CPU.Build.0 = Debug|Any CPU
		{532B5FAF-416D-4A12-81F4-E8520E51CEC6}.Release|Any CPU.ActiveCfg = Release|Any CPU
		{532B5FAF-416D-4A12-81F4-E8520E51CEC6}.Release|Any CPU.Build.0 = Release|Any CPU
	EndGlobalSection
	GlobalSection(SolutionProperties) = preSolution
		HideSolutionNode = FALSE
	EndGlobalSection
	GlobalSection(ExtensibilityGlobals) = postSolution
		SolutionGuid = {EE50E1BC-8588-4994-B8B8-B24A5DB8A7CC}
	EndGlobalSection
EndGlobal
